{
  "name": "data-generator",
  "version": "1.0.0",
  "lockfileVersion": 1,
  "requires": true,
  "dependencies": {
    "@faker-js/faker": {
      "version": "6.0.0",
      "resolved": "https://registry.npmjs.org/@faker-js/faker/-/faker-6.0.0.tgz",
      "integrity": "sha512-10zLCKhp3YEmBuko71ivcMoIZcCLXgQVck6aNswX+AWwaek/L8S3yz9i8m3tHigRkcF6F2vI+qtdtyySHK+bGA==",
      "dev": true
    }
  }
}
